# THIS IS AN AUTOGENERATED FILE. DO NOT EDIT THIS FILE DIRECTLY.
# yarn lockfile v1


"@creativebulma/bulma-divider@^1.1.0":
  version "1.1.0"
  resolved "https://registry.yarnpkg.com/@creativebulma/bulma-divider/-/bulma-divider-1.1.0.tgz#fb0c3527efc5b8d7b1ac52cd065e9f8c57b5a8bc"
  integrity sha512-Lx5MlUhgAnTF+wNZ5LXcaE1K0F2m0Pkwte1p08FBsIyRV6Oq7BuKPk/O9XJPcF+vR6BjCxNy/hjYFXtNmoXbNg==

"@mdi/font@^6.6.96":
  version "6.6.96"
  resolved "https://registry.yarnpkg.com/@mdi/font/-/font-6.6.96.tgz#4eee6faee5f44d3ec401d354fb95775cd6699575"
  integrity sha512-FbcvG9z17hwZ7IwX5XeOR1UYGoLq+gTKq6XNPvJFuCpn599GdiPCJbAmmDBJb+jMYXjKYr0lCxfouWGxDA82sA==

bulma-checkradio@^2.1.3:
  version "2.1.3"
  resolved "https://registry.yarnpkg.com/bulma-checkradio/-/bulma-checkradio-2.1.3.tgz#e3e1fe086cc5b522d1a13801a60c440b433b8112"
  integrity sha512-8OmZ7PURyftNLGXSTNAYNTJHIe0OkoH/8z9iWfSXGxiv3AlrKneMtiVpBKofXsvc9ZHBUI1YjefiW5WFhgFgAQ==
  dependencies:
    bulma "^0.9.3"

bulma-switch@^2.0.4:
  version "2.0.4"
  resolved "https://registry.yarnpkg.com/bulma-switch/-/bulma-switch-2.0.4.tgz#a6dea1a026d025a7093a3675b2a599a36820e3a3"
  integrity sha512-kMu4H0Pr0VjvfsnT6viRDCgptUq0Rvy7y7PX6q+IHg1xUynsjszPjhAdal5ysAlCG5HNO+5YXxeiu92qYGQolw==

bulma@^0.9.3:
  version "0.9.3"
  resolved "https://registry.yarnpkg.com/bulma/-/bulma-0.9.3.tgz#ddccb7436ebe3e21bf47afe01d3c43a296b70243"
  integrity sha512-0d7GNW1PY4ud8TWxdNcP6Cc8Bu7MxcntD/RRLGWuiw/s0a9P+XlH/6QoOIrmbj6o8WWJzJYhytiu9nFjTszk1g==

clipboard@^2.0.8:
  version "2.0.10"
  resolved "https://registry.yarnpkg.com/clipboard/-/clipboard-2.0.10.tgz#e61f6f7139ac5044c58c0484dcac9fb2a918bfd6"
  integrity sha512-cz3m2YVwFz95qSEbCDi2fzLN/epEN9zXBvfgAoGkvGOJZATMl9gtTDVOtBYkx2ODUJl2kvmud7n32sV2BpYR4g==
  dependencies:
    good-listener "^1.2.2"
    select "^1.1.2"
    tiny-emitter "^2.0.0"

delegate@^3.1.2:
  version "3.2.0"
  resolved "https://registry.yarnpkg.com/delegate/-/delegate-3.2.0.tgz#b66b71c3158522e8ab5744f720d8ca0c2af59166"
  integrity sha512-IofjkYBZaZivn0V8nnsMJGBr4jVLxHDheKSW88PyxS5QC4Vo9ZbZVvhzlSxY87fVq3STR6r+4cGepyHkcWOQSw==

good-listener@^1.2.2:
  version "1.2.2"
  resolved "https://registry.yarnpkg.com/good-listener/-/good-listener-1.2.2.tgz#d53b30cdf9313dffb7dc9a0d477096aa6d145c50"
  integrity sha1-1TswzfkxPf+33JoNR3CWqm0UXFA=
  dependencies:
    delegate "^3.1.2"

jquery@^3.6.0:
  version "3.6.0"
  resolved "https://registry.yarnpkg.com/jquery/-/jquery-3.6.0.tgz#c72a09f15c1bdce142f49dbf1170bdf8adac2470"
  integrity sha512-JVzAR/AjBvVt2BmYhxRCSYysDsPcssdmTFnzyLEts9qNwmjmu4JTAMYubEfwVOSwpQ1I1sKKFcxhZCI2buerfw==

normalize.css@^8.0.1:
  version "8.0.1"
  resolved "https://registry.yarnpkg.com/normalize.css/-/normalize.css-8.0.1.tgz#9b98a208738b9cc2634caacbc42d131c97487bf3"
  integrity sha512-qizSNPO93t1YUuUhP22btGOo3chcvDFqFaj2TRybP0DMxkHOCTYwp3n34fel4a31ORXy4m1Xq0Gyqpb5m33qIg==

select@^1.1.2:
  version "1.1.2"
  resolved "https://registry.yarnpkg.com/select/-/select-1.1.2.tgz#0e7350acdec80b1108528786ec1d4418d11b396d"
  integrity sha1-DnNQrN7ICxEIUoeG7B1EGNEbOW0=

tiny-emitter@^2.0.0:
  version "2.1.0"
  resolved "https://registry.yarnpkg.com/tiny-emitter/-/tiny-emitter-2.1.0.tgz#1d1a56edfc51c43e863cbb5382a72330e3555423"
  integrity sha512-NB6Dk1A9xgQPMoGqC5CVXn123gWyte215ONT5Pp5a0yt4nlEoO1ZWeCwpncaekPHXO60i47ihFnZPiRPjRMq4Q==

typeface-montserrat@^1.1.13:
  version "1.1.13"
  resolved "https://registry.yarnpkg.com/typeface-montserrat/-/typeface-montserrat-1.1.13.tgz#2a16729c174dd1a8c3fec05a851b7725412606cc"
  integrity sha512-Pklkyj0e+K+6I/t0M6JBDBphpfJkF1k+3qd8qDnp9aVtCC7oGBQWTAcL6+5eArfGe7h73uPwyal73hEkf9YCUA==

typeface-roboto-mono@^1.1.13:
  version "1.1.13"
  resolved "https://registry.yarnpkg.com/typeface-roboto-mono/-/typeface-roboto-mono-1.1.13.tgz#2af8662db8f9119c00efd55d6ed8877d2a69ec94"
  integrity sha512-pnzDc70b7ywJHin/BUFL7HZX8DyOTBLT2qxlJ92eH1UJOFcENIBXa9IZrxsJX/gEKjbEDKhW5vz/TKRBNk/ufQ==
