# This file is generated by running "yarn install" inside your project.
# Manual changes might be lost - proceed with caution!

__metadata:
  version: 4
  cacheKey: 7

"clipboard@npm:^2.0.8":
  version: 2.0.8
  resolution: "clipboard@npm:2.0.8"
  dependencies:
    good-listener: ^1.2.2
    select: ^1.1.2
    tiny-emitter: ^2.0.0
  checksum: 8eab011ad8cf2dc794b717483f913550c1be1298c84550917f99734b8c5d6674ab86fe6c074234a9597bf60efddffa2ca11ce0df0f78f7c64c4e6a64302437f8
  languageName: node
  linkType: hard

"delegate@npm:^3.1.2":
  version: 3.2.0
  resolution: "delegate@npm:3.2.0"
  checksum: ccbbf29eb436719e4ffef06a1df2635a150f229f8ae549f4b6e118e940b17917e063c939541c6e23f38675d30acf424ecca9a8d1cca2a874d63fa0c257b0811f
  languageName: node
  linkType: hard

"good-listener@npm:^1.2.2":
  version: 1.2.2
  resolution: "good-listener@npm:1.2.2"
  dependencies:
    delegate: ^3.1.2
  checksum: 640a1627e528ceb3337595a8020f44d09455f284c18c765eaf9ce5dcdf1799810e7b11ca2b61582a5a4db20aad0b7e6b820235864822d84df541d74383bcd01c
  languageName: node
  linkType: hard

"jquery@npm:^3.6.0":
  version: 3.6.0
  resolution: "jquery@npm:3.6.0"
  checksum: a0a819022a1bdff5efa79bbd9d4d7352de5bd32dabe42108e6ec0797238dba36c09c108e0eea2724f5d03acc1b30ee87d76bec80e15b9510106532292ebe6ba4
  languageName: node
  linkType: hard

"modelos-pront@workspace:.":
  version: 0.0.0-use.local
  resolution: "modelos-pront@workspace:."
  dependencies:
    clipboard: ^2.0.8
    jquery: ^3.6.0
    moment: ^2.29.1
    normalize.css: ^8.0.1
    typeface-lato: ^1.1.13
    typeface-montserrat: ^1.1.13
    typeface-roboto: ^1.1.13
    typeface-roboto-mono: ^1.1.13
    typeface-source-code-pro: ^1.1.13
  languageName: unknown
  linkType: soft

"moment@npm:^2.29.1":
  version: 2.29.1
  resolution: "moment@npm:2.29.1"
  checksum: 86729013febf7160de5b93da69273dd304d674b0224f9544b3abd09a87671ddd2cdd57598261ce57588910d63747ffd5590965e83c790d8bf327083c0e0a06e0
  languageName: node
  linkType: hard

"normalize.css@npm:^8.0.1":
  version: 8.0.1
  resolution: "normalize.css@npm:8.0.1"
  checksum: de6c137a14291c00fee60a1e9e9ab4b78f93d48dd7ab5baa2783dd62bf19b456403bf0585ad201bb84ed184348fd49b467ccfc707068bf342123d00d31801e98
  languageName: node
  linkType: hard

"select@npm:^1.1.2":
  version: 1.1.2
  resolution: "select@npm:1.1.2"
  checksum: 66be63b7cf0973af48cebcca47909d0ba703bb7f01373f9ebf19880dc8fe9c97f41e2ebdefee144f60bbf416cafbf77dfb98cd1776e62d7afc336b843f1009b1
  languageName: node
  linkType: hard

"tiny-emitter@npm:^2.0.0":
  version: 2.1.0
  resolution: "tiny-emitter@npm:2.1.0"
  checksum: 0055509c72e5fe35d6ab66fa6339342e0f29129e77ed2086e475fdf80be43a8651f2517be76513b46a042c8356396f4da5a35e2e23457252176808d5a892036a
  languageName: node
  linkType: hard

"typeface-lato@npm:^1.1.13":
  version: 1.1.13
  resolution: "typeface-lato@npm:1.1.13"
  checksum: dfefe74d74efc9249c6d70bcd988f5fde502ec74a483a7976006afc4811d24084d4ce4b1b540c343b0a5b66436a8dabd4dfe3c23db7564fcf7b96bc2a6e455d8
  languageName: node
  linkType: hard

"typeface-montserrat@npm:^1.1.13":
  version: 1.1.13
  resolution: "typeface-montserrat@npm:1.1.13"
  checksum: c9f16042ed9493bb574199e98d13c50a6a64a79e806a6a7af7de60b6b7c6dc0cdb4a2dbe67cef7cba2448e32fd203e5b554c466c7eebc1b575d3a995c39794b6
  languageName: node
  linkType: hard

"typeface-roboto-mono@npm:^1.1.13":
  version: 1.1.13
  resolution: "typeface-roboto-mono@npm:1.1.13"
  checksum: 0eac7aa64b5185eb9e008e20b2d1596f251ff05f6b6939b7805d41cdfa92127a94bee1d81b46434e582db80f60f6d9390cf661a419c24824a2252cb67c3d1fd4
  languageName: node
  linkType: hard

"typeface-roboto@npm:^1.1.13":
  version: 1.1.13
  resolution: "typeface-roboto@npm:1.1.13"
  checksum: d8f68902575211262605fb50147084b295d410f376314d1b4d55d08e4dbb74339a1817c82a7df051694b3e3663a9d0c0179b728101e8403d906b89735b0e97e0
  languageName: node
  linkType: hard

"typeface-source-code-pro@npm:^1.1.13":
  version: 1.1.13
  resolution: "typeface-source-code-pro@npm:1.1.13"
  checksum: 351cca69c0564e41097ad68e7846a29b451f64f84f813b634e79dd8ea1f0f366685944ae98bec806d344a84e102ae775f87ac47302f7bc0e140ea800ba31f451
  languageName: node
  linkType: hard
